<?xml version="1.0" encoding="UTF-8" standalone="yes" ?>
<CodeBlocks_project_file>
	<FileVersion major="1" minor="6" />
	<Project>
		<Option title="Classic Algorithms" />
		<Option pch_mode="2" />
		<Option compiler="gcc" />
		<Build>
			<Target title="Release">
				<Option output="~/Desktop/bin/Classic_Algorithms" prefix_auto="1" extension_auto="1" />
				<Option object_output="~/Desktop/obj/" />
				<Option type="1" />
				<Option compiler="gcc" />
				<Compiler>
					<Add option="-O2" />
					<Add option="-pedantic" />
					<Add option="-Wextra" />
					<Add option="-Wall" />
					<Add option="-std=c++1z" />
					<Add option="-m64" />
					<Add option="-fopenmp" />
					<Add directory="../0_TESTFAST (copy 1)" />
				</Compiler>
				<Linker>
					<Add option="-s" />
					<Add option="-m64" />
					<Add option="-lstdc++fs" />
					<Add option="-lcurl" />
					<Add option="-pthread" />
				</Linker>
			</Target>
		</Build>
		<Compiler>
			<Add option="-Wall" />
			<Add option="-fexceptions" />
		</Compiler>
		<Unit filename="Ask.cpp" />
		<Unit filename="Ask.h" />
		<Unit filename="BinaryTreeSearch/BFS.cpp" />
		<Unit filename="BinaryTreeSearch/BFS.h" />
		<Unit filename="BinaryTreeSearch/BFS_example.gif" />
		<Unit filename="BinaryTreeSearch/BFS_run.cpp" />
		<Unit filename="BinaryTreeSearch/BinaryTree to test DFS and BFS.jpg" />
		<Unit filename="BinaryTreeSearch/DFS_Interactive.cpp" />
		<Unit filename="BinaryTreeSearch/DFS_Interactive.h" />
		<Unit filename="BinaryTreeSearch/DFS_Interactive_run.cpp" />
		<Unit filename="BinaryTreeSearch/DFS_example.png" />
		<Unit filename="Dynamic_Programming/Kadane.cpp" />
		<Unit filename="Dynamic_Programming/Kadane.h" />
		<Unit filename="Dynamic_Programming/Kadane_run.cpp" />
		<Unit filename="Dynamic_Programming/Knapsack.cpp" />
		<Unit filename="Dynamic_Programming/Knapsack.h" />
		<Unit filename="Dynamic_Programming/Knapsack_run.cpp" />
		<Unit filename="Dynamic_Programming/LongestSubsequence_Common.cpp" />
		<Unit filename="Dynamic_Programming/LongestSubsequence_Common.h" />
		<Unit filename="Dynamic_Programming/LongestSubsequence_Common_run.cpp" />
		<Unit filename="Dynamic_Programming/LongestSubsequence_Palindromic.cpp" />
		<Unit filename="Dynamic_Programming/LongestSubsequence_Palindromic.h" />
		<Unit filename="Dynamic_Programming/LongestSubsequence_Palindromic_run.cpp" />
		<Unit filename="Graphs/Brent.cpp" />
		<Unit filename="Graphs/Brent.h" />
		<Unit filename="Graphs/Brent_run.cpp" />
		<Unit filename="Graphs/Dijkastra.cpp" />
		<Unit filename="Graphs/Dijkastra.h" />
		<Unit filename="Graphs/Dijkastra_run.cpp" />
		<Unit filename="Graphs/Dijkstra.gif" />
		<Unit filename="Graphs/Floyd.cpp" />
		<Unit filename="Graphs/Floyd.h" />
		<Unit filename="Graphs/Floyd_run.cpp" />
		<Unit filename="Graphs/Greedy-search-path-example.gif" />
		<Unit filename="Graphs/Kruskal.cpp" />
		<Unit filename="Graphs/Kruskal.h" />
		<Unit filename="Graphs/Kruskal_SubSet.cpp" />
		<Unit filename="Graphs/Kruskal_SubSet.h" />
		<Unit filename="Graphs/Kruskal_run.cpp" />
		<Unit filename="Graphs/Kruskal_test_0.jpg" />
		<Unit filename="Graphs/Kruskal_test_1.jpg" />
		<Unit filename="Graphs/_Lib_Edge.cpp" />
		<Unit filename="Graphs/_Lib_Edge.h" />
		<Unit filename="Graphs/_Lib_QuantVertices.cpp" />
		<Unit filename="Graphs/_Lib_QuantVertices.h" />
		<Unit filename="Main.cpp" />
		<Extensions>
			<code_completion />
			<debugger />
			<envvars />
		</Extensions>
	</Project>
</CodeBlocks_project_file>
